
Microsoft Visual Studio Solution File, Format Version 12.00
# Visual Studio 15
VisualStudioVersion = 15.0.28307.1022
MinimumVisualStudioVersion = 10.0.40219.1
Project("{FAE04EC0-301F-11D3-BF4B-00C04F79EFBC}") = "获取爬虫", "获取爬虫\获取爬虫.csproj", "{04A46F43-CA27-4540-BB21-70EC5C605D4C}"
EndProject
Global
	GlobalSection(SolutionConfigurationPlatforms) = preSolution
		Debug|Any CPU = Debug|Any CPU
		Release|Any CPU = Release|Any CPU
	EndGlobalSection
	GlobalSection(ProjectConfigurationPlatforms) = postSolution
		{04A46F43-CA27-4540-BB21-70EC5C605D4C}.Debug|Any CPU.ActiveCfg = Debug|Any CPU
		{04A46F43-CA27-4540-BB21-70EC5C605D4C}.Debug|Any CPU.Build.0 = Debug|Any CPU
		{04A46F43-CA27-4540-BB21-70EC5C605D4C}.Release|Any CPU.ActiveCfg = Release|Any CPU
		{04A46F43-CA27-4540-BB21-70EC5C605D4C}.Release|Any CPU.Build.0 = Release|Any CPU
	EndGlobalSection
	GlobalSection(SolutionProperties) = preSolution
		HideSolutionNode = FALSE
	EndGlobalSection
	GlobalSection(ExtensibilityGlobals) = postSolution
		SolutionGuid = {11031D59-CE77-4BDB-951D-01E349562452}
	EndGlobalSection
EndGlobal
